// !$*UTF8*$!
{
	archiveVersion = 1;
	classes = {
	};
	objectVersion = 46;
	objects = {

/* Begin PBXBuildFile section */
		673FDD211F3F0E7300D679E2 /* Main.storyboard in Resources */ = {isa = PBXBuildFile; fileRef = 673FDD1F1F3F0E7300D679E2 /* Main.storyboard */; };
		673FDD241F3FF25100D679E2 /* CalendarUtils.m in Sources */ = {isa = PBXBuildFile; fileRef = 673FDD231F3FF25100D679E2 /* CalendarUtils.m */; };
		673FDD291F40634A00D679E2 /* MonthUtil.m in Sources */ = {isa = PBXBuildFile; fileRef = 673FDD281F40634A00D679E2 /* MonthUtil.m */; };
		673FDD2C1F4063FF00D679E2 /* WeekdayUtil.m in Sources */ = {isa = PBXBuildFile; fileRef = 673FDD2B1F4063FF00D679E2 /* WeekdayUtil.m */; };
		673FDD2F1F40A4F900D679E2 /* CalendarEvent.m in Sources */ = {isa = PBXBuildFile; fileRef = 673FDD2E1F40A4F900D679E2 /* CalendarEvent.m */; };
		673FDD341F41357D00D679E2 /* events.json in Resources */ = {isa = PBXBuildFile; fileRef = 673FDD331F41357D00D679E2 /* events.json */; };
		673FDD381F41855A00D679E2 /* CalendarDay.m in Sources */ = {isa = PBXBuildFile; fileRef = 673FDD371F41855A00D679E2 /* CalendarDay.m */; };
		673FDD3B1F4185AB00D679E2 /* CalendarViewCell.m in Sources */ = {isa = PBXBuildFile; fileRef = 673FDD3A1F4185AB00D679E2 /* CalendarViewCell.m */; };
		673FDD3E1F4185E600D679E2 /* CalendarViewCellWithMonth.m in Sources */ = {isa = PBXBuildFile; fileRef = 673FDD3D1F4185E600D679E2 /* CalendarViewCellWithMonth.m */; };
		673FDD561F41DEDD00D679E2 /* EventCell.m in Sources */ = {isa = PBXBuildFile; fileRef = 673FDD551F41DEDD00D679E2 /* EventCell.m */; };
		675E0DDC1F320470001EBFE8 /* main.m in Sources */ = {isa = PBXBuildFile; fileRef = 675E0DDB1F320470001EBFE8 /* main.m */; };
		675E0DDF1F320470001EBFE8 /* AppDelegate.m in Sources */ = {isa = PBXBuildFile; fileRef = 675E0DDE1F320470001EBFE8 /* AppDelegate.m */; };
		675E0DE21F320470001EBFE8 /* ViewController.m in Sources */ = {isa = PBXBuildFile; fileRef = 675E0DE11F320470001EBFE8 /* ViewController.m */; };
		675E0DE71F320470001EBFE8 /* Assets.xcassets in Resources */ = {isa = PBXBuildFile; fileRef = 675E0DE61F320470001EBFE8 /* Assets.xcassets */; };
		675E0DEA1F320470001EBFE8 /* LaunchScreen.storyboard in Resources */ = {isa = PBXBuildFile; fileRef = 675E0DE81F320470001EBFE8 /* LaunchScreen.storyboard */; };
		67B282C21F5126E800D7E66A /* SkypeEventCell.m in Sources */ = {isa = PBXBuildFile; fileRef = 67B282C11F5126E800D7E66A /* SkypeEventCell.m */; };
		67B282C51F51828800D7E66A /* SkypeParticipant.m in Sources */ = {isa = PBXBuildFile; fileRef = 67B282C41F51828800D7E66A /* SkypeParticipant.m */; };
		67B282C81F5195C800D7E66A /* DateUtil.m in Sources */ = {isa = PBXBuildFile; fileRef = 67B282C71F5195C800D7E66A /* DateUtil.m */; };
		67B282CB1F524C2200D7E66A /* UnicodeUtil.m in Sources */ = {isa = PBXBuildFile; fileRef = 67B282CA1F524C2200D7E66A /* UnicodeUtil.m */; };
/* End PBXBuildFile section */

/* Begin PBXFileReference section */
		673FDD201F3F0E7300D679E2 /* Base */ = {isa = PBXFileReference; lastKnownFileType = file.storyboard; name = Base; path = Base.lproj/Main.storyboard; sourceTree = "<group>"; };
		673FDD221F3FF25100D679E2 /* CalendarUtils.h */ = {isa = PBXFileReference; fileEncoding = 4; lastKnownFileType = sourcecode.c.h; path = CalendarUtils.h; sourceTree = "<group>"; };
		673FDD231F3FF25100D679E2 /* CalendarUtils.m */ = {isa = PBXFileReference; fileEncoding = 4; lastKnownFileType = sourcecode.c.objc; path = CalendarUtils.m; sourceTree = "<group>"; };
		673FDD271F40634A00D679E2 /* MonthUtil.h */ = {isa = PBXFileReference; fileEncoding = 4; lastKnownFileType = sourcecode.c.h; path = MonthUtil.h; sourceTree = "<group>"; };
		673FDD281F40634A00D679E2 /* MonthUtil.m */ = {isa = PBXFileReference; fileEncoding = 4; lastKnownFileType = sourcecode.c.objc; path = MonthUtil.m; sourceTree = "<group>"; };
		673FDD2A1F4063FF00D679E2 /* WeekdayUtil.h */ = {isa = PBXFileReference; fileEncoding = 4; lastKnownFileType = sourcecode.c.h; path = WeekdayUtil.h; sourceTree = "<group>"; };
		673FDD2B1F4063FF00D679E2 /* WeekdayUtil.m */ = {isa = PBXFileReference; fileEncoding = 4; lastKnownFileType = sourcecode.c.objc; path = WeekdayUtil.m; sourceTree = "<group>"; };
		673FDD2D1F40A4F900D679E2 /* CalendarEvent.h */ = {isa = PBXFileReference; fileEncoding = 4; lastKnownFileType = sourcecode.c.h; path = CalendarEvent.h; sourceTree = "<group>"; };
		673FDD2E1F40A4F900D679E2 /* CalendarEvent.m */ = {isa = PBXFileReference; fileEncoding = 4; lastKnownFileType = sourcecode.c.objc; path = CalendarEvent.m; sourceTree = "<group>"; };
		673FDD331F41357D00D679E2 /* events.json */ = {isa = PBXFileReference; fileEncoding = 4; lastKnownFileType = text.json; path = events.json; sourceTree = "<group>"; };
		673FDD361F41855A00D679E2 /* CalendarDay.h */ = {isa = PBXFileReference; fileEncoding = 4; lastKnownFileType = sourcecode.c.h; name = CalendarDay.h; path = Model/CalendarDay.h; sourceTree = "<group>"; };
		673FDD371F41855A00D679E2 /* CalendarDay.m */ = {isa = PBXFileReference; fileEncoding = 4; lastKnownFileType = sourcecode.c.objc; name = CalendarDay.m; path = Model/CalendarDay.m; sourceTree = "<group>"; };
		673FDD391F4185AB00D679E2 /* CalendarViewCell.h */ = {isa = PBXFileReference; fileEncoding = 4; lastKnownFileType = sourcecode.c.h; name = CalendarViewCell.h; path = CollectionViewCell/CalendarViewCell.h; sourceTree = "<group>"; };
		673FDD3A1F4185AB00D679E2 /* CalendarViewCell.m */ = {isa = PBXFileReference; fileEncoding = 4; lastKnownFileType = sourcecode.c.objc; name = CalendarViewCell.m; path = CollectionViewCell/CalendarViewCell.m; sourceTree = "<group>"; };
		673FDD3C1F4185E600D679E2 /* CalendarViewCellWithMonth.h */ = {isa = PBXFileReference; fileEncoding = 4; lastKnownFileType = sourcecode.c.h; name = CalendarViewCellWithMonth.h; path = CollectionViewCell/CalendarViewCellWithMonth.h; sourceTree = "<group>"; };
		673FDD3D1F4185E600D679E2 /* CalendarViewCellWithMonth.m */ = {isa = PBXFileReference; fileEncoding = 4; lastKnownFileType = sourcecode.c.objc; name = CalendarViewCellWithMonth.m; path = CollectionViewCell/CalendarViewCellWithMonth.m; sourceTree = "<group>"; };
		673FDD411F4188E800D679E2 /* Constants.h */ = {isa = PBXFileReference; lastKnownFileType = sourcecode.c.h; path = Constants.h; sourceTree = "<group>"; };
		673FDD541F41DEDD00D679E2 /* EventCell.h */ = {isa = PBXFileReference; fileEncoding = 4; lastKnownFileType = sourcecode.c.h; name = EventCell.h; path = "Table Cells/EventCell.h"; sourceTree = "<group>"; };
		673FDD551F41DEDD00D679E2 /* EventCell.m */ = {isa = PBXFileReference; fileEncoding = 4; lastKnownFileType = sourcecode.c.objc; name = EventCell.m; path = "Table Cells/EventCell.m"; sourceTree = "<group>"; };
		675E0DD71F320470001EBFE8 /* AgendaForCalendar.app */ = {isa = PBXFileReference; explicitFileType = wrapper.application; includeInIndex = 0; path = AgendaForCalendar.app; sourceTree = BUILT_PRODUCTS_DIR; };
		675E0DDB1F320470001EBFE8 /* main.m */ = {isa = PBXFileReference; lastKnownFileType = sourcecode.c.objc; path = main.m; sourceTree = "<group>"; };
		675E0DDD1F320470001EBFE8 /* AppDelegate.h */ = {isa = PBXFileReference; lastKnownFileType = sourcecode.c.h; path = AppDelegate.h; sourceTree = "<group>"; };
		675E0DDE1F320470001EBFE8 /* AppDelegate.m */ = {isa = PBXFileReference; lastKnownFileType = sourcecode.c.objc; path = AppDelegate.m; sourceTree = "<group>"; };
		675E0DE01F320470001EBFE8 /* ViewController.h */ = {isa = PBXFileReference; lastKnownFileType = sourcecode.c.h; path = ViewController.h; sourceTree = "<group>"; };
		675E0DE11F320470001EBFE8 /* ViewController.m */ = {isa = PBXFileReference; lastKnownFileType = sourcecode.c.objc; path = ViewController.m; sourceTree = "<group>"; };
		675E0DE61F320470001EBFE8 /* Assets.xcassets */ = {isa = PBXFileReference; lastKnownFileType = folder.assetcatalog; name = Assets.xcassets; path = AgendaForCalendar/Assets.xcassets; sourceTree = "<group>"; };
		675E0DE91F320470001EBFE8 /* Base */ = {isa = PBXFileReference; lastKnownFileType = file.storyboard; name = Base; path = Base.lproj/LaunchScreen.storyboard; sourceTree = "<group>"; };
		675E0DEB1F320470001EBFE8 /* Info.plist */ = {isa = PBXFileReference; lastKnownFileType = text.plist.xml; name = Info.plist; path = AgendaForCalendar/Info.plist; sourceTree = "<group>"; };
		67B282C01F5126E800D7E66A /* SkypeEventCell.h */ = {isa = PBXFileReference; fileEncoding = 4; lastKnownFileType = sourcecode.c.h; name = SkypeEventCell.h; path = "Table Cells/SkypeEventCell.h"; sourceTree = "<group>"; };
		67B282C11F5126E800D7E66A /* SkypeEventCell.m */ = {isa = PBXFileReference; fileEncoding = 4; lastKnownFileType = sourcecode.c.objc; name = SkypeEventCell.m; path = "Table Cells/SkypeEventCell.m"; sourceTree = "<group>"; };
		67B282C31F51828800D7E66A /* SkypeParticipant.h */ = {isa = PBXFileReference; fileEncoding = 4; lastKnownFileType = sourcecode.c.h; name = SkypeParticipant.h; path = Model/SkypeParticipant.h; sourceTree = "<group>"; };
		67B282C41F51828800D7E66A /* SkypeParticipant.m */ = {isa = PBXFileReference; fileEncoding = 4; lastKnownFileType = sourcecode.c.objc; name = SkypeParticipant.m; path = Model/SkypeParticipant.m; sourceTree = "<group>"; };
		67B282C61F5195C800D7E66A /* DateUtil.h */ = {isa = PBXFileReference; fileEncoding = 4; lastKnownFileType = sourcecode.c.h; name = DateUtil.h; path = Utility/DateUtil.h; sourceTree = "<group>"; };
		67B282C71F5195C800D7E66A /* DateUtil.m */ = {isa = PBXFileReference; fileEncoding = 4; lastKnownFileType = sourcecode.c.objc; name = DateUtil.m; path = Utility/DateUtil.m; sourceTree = "<group>"; };
		67B282C91F524C2200D7E66A /* UnicodeUtil.h */ = {isa = PBXFileReference; fileEncoding = 4; lastKnownFileType = sourcecode.c.h; name = UnicodeUtil.h; path = Utility/UnicodeUtil.h; sourceTree = "<group>"; };
		67B282CA1F524C2200D7E66A /* UnicodeUtil.m */ = {isa = PBXFileReference; fileEncoding = 4; lastKnownFileType = sourcecode.c.objc; name = UnicodeUtil.m; path = Utility/UnicodeUtil.m; sourceTree = "<group>"; };
/* End PBXFileReference section */

/* Begin PBXFrameworksBuildPhase section */
		675E0DD41F320470001EBFE8 /* Frameworks */ = {
			isa = PBXFrameworksBuildPhase;
			buildActionMask = 2147483647;
			files = (
			);
			runOnlyForDeploymentPostprocessing = 0;
		};
/* End PBXFrameworksBuildPhase section */

/* Begin PBXGroup section */
		673FDD301F41350300D679E2 /* Resources */ = {
			isa = PBXGroup;
			children = (
				673FDD331F41357D00D679E2 /* events.json */,
				673FDD1F1F3F0E7300D679E2 /* Main.storyboard */,
				675E0DE81F320470001EBFE8 /* LaunchScreen.storyboard */,
				675E0DEB1F320470001EBFE8 /* Info.plist */,
				675E0DE61F320470001EBFE8 /* Assets.xcassets */,
			);
			name = Resources;
			path = ..;
			sourceTree = "<group>";
		};
		673FDD311F41351C00D679E2 /* Utility */ = {
			isa = PBXGroup;
			children = (
				673FDD221F3FF25100D679E2 /* CalendarUtils.h */,
				673FDD231F3FF25100D679E2 /* CalendarUtils.m */,
				673FDD271F40634A00D679E2 /* MonthUtil.h */,
				673FDD281F40634A00D679E2 /* MonthUtil.m */,
				673FDD2A1F4063FF00D679E2 /* WeekdayUtil.h */,
				673FDD2B1F4063FF00D679E2 /* WeekdayUtil.m */,
				673FDD411F4188E800D679E2 /* Constants.h */,
				67B282C61F5195C800D7E66A /* DateUtil.h */,
				67B282C71F5195C800D7E66A /* DateUtil.m */,
				67B282C91F524C2200D7E66A /* UnicodeUtil.h */,
				67B282CA1F524C2200D7E66A /* UnicodeUtil.m */,
			);
			name = Utility;
			sourceTree = "<group>";
		};
		673FDD321F41352E00D679E2 /* Model */ = {
			isa = PBXGroup;
			children = (
				673FDD2D1F40A4F900D679E2 /* CalendarEvent.h */,
				673FDD2E1F40A4F900D679E2 /* CalendarEvent.m */,
				673FDD361F41855A00D679E2 /* CalendarDay.h */,
				673FDD371F41855A00D679E2 /* CalendarDay.m */,
				67B282C31F51828800D7E66A /* SkypeParticipant.h */,
				67B282C41F51828800D7E66A /* SkypeParticipant.m */,
			);
			name = Model;
			sourceTree = "<group>";
		};
		673FDD351F41853000D679E2 /* CollectionViewCells */ = {
			isa = PBXGroup;
			children = (
				673FDD391F4185AB00D679E2 /* CalendarViewCell.h */,
				673FDD3A1F4185AB00D679E2 /* CalendarViewCell.m */,
				673FDD3C1F4185E600D679E2 /* CalendarViewCellWithMonth.h */,
				673FDD3D1F4185E600D679E2 /* CalendarViewCellWithMonth.m */,
			);
			name = CollectionViewCells;
			sourceTree = "<group>";
		};
		673FDD461F418EDD00D679E2 /* TabelCells */ = {
			isa = PBXGroup;
			children = (
				673FDD541F41DEDD00D679E2 /* EventCell.h */,
				673FDD551F41DEDD00D679E2 /* EventCell.m */,
				67B282C01F5126E800D7E66A /* SkypeEventCell.h */,
				67B282C11F5126E800D7E66A /* SkypeEventCell.m */,
			);
			name = TabelCells;
			sourceTree = "<group>";
		};
		675E0DCE1F32046F001EBFE8 = {
			isa = PBXGroup;
			children = (
				675E0DD91F320470001EBFE8 /* AgendaForCalendar */,
				675E0DD81F320470001EBFE8 /* Products */,
			);
			sourceTree = "<group>";
		};
		675E0DD81F320470001EBFE8 /* Products */ = {
			isa = PBXGroup;
			children = (
				675E0DD71F320470001EBFE8 /* AgendaForCalendar.app */,
			);
			name = Products;
			sourceTree = "<group>";
		};
		675E0DD91F320470001EBFE8 /* AgendaForCalendar */ = {
			isa = PBXGroup;
			children = (
				673FDD461F418EDD00D679E2 /* TabelCells */,
				673FDD351F41853000D679E2 /* CollectionViewCells */,
				673FDD301F41350300D679E2 /* Resources */,
				673FDD321F41352E00D679E2 /* Model */,
				673FDD311F41351C00D679E2 /* Utility */,
				675E0DDD1F320470001EBFE8 /* AppDelegate.h */,
				675E0DDE1F320470001EBFE8 /* AppDelegate.m */,
				675E0DE01F320470001EBFE8 /* ViewController.h */,
				675E0DE11F320470001EBFE8 /* ViewController.m */,
				675E0DDA1F320470001EBFE8 /* Supporting Files */,
			);
			path = AgendaForCalendar;
			sourceTree = "<group>";
		};
		675E0DDA1F320470001EBFE8 /* Supporting Files */ = {
			isa = PBXGroup;
			children = (
				675E0DDB1F320470001EBFE8 /* main.m */,
			);
			name = "Supporting Files";
			sourceTree = "<group>";
		};
/* End PBXGroup section */

/* Begin PBXNativeTarget section */
		675E0DD61F320470001EBFE8 /* AgendaForCalendar */ = {
			isa = PBXNativeTarget;
			buildConfigurationList = 675E0DEE1F320470001EBFE8 /* Build configuration list for PBXNativeTarget "AgendaForCalendar" */;
			buildPhases = (
				675E0DD31F320470001EBFE8 /* Sources */,
				675E0DD41F320470001EBFE8 /* Frameworks */,
				675E0DD51F320470001EBFE8 /* Resources */,
			);
			buildRules = (
			);
			dependencies = (
			);
			name = AgendaForCalendar;
			productName = AgendaForCalendar;
			productReference = 675E0DD71F320470001EBFE8 /* AgendaForCalendar.app */;
			productType = "com.apple.product-type.application";
		};
/* End PBXNativeTarget section */

/* Begin PBXProject section */
		675E0DCF1F32046F001EBFE8 /* Project object */ = {
			isa = PBXProject;
			attributes = {
				LastUpgradeCheck = 0830;
				ORGANIZATIONNAME = "Manish Kumar";
				TargetAttributes = {
					675E0DD61F320470001EBFE8 = {
						CreatedOnToolsVersion = 8.3.2;
						ProvisioningStyle = Automatic;
					};
				};
			};
			buildConfigurationList = 675E0DD21F32046F001EBFE8 /* Build configuration list for PBXProject "AgendaForCalendar" */;
			compatibilityVersion = "Xcode 3.2";
			developmentRegion = English;
			hasScannedForEncodings = 0;
			knownRegions = (
				en,
				Base,
			);
			mainGroup = 675E0DCE1F32046F001EBFE8;
			productRefGroup = 675E0DD81F320470001EBFE8 /* Products */;
			projectDirPath = "";
			projectRoot = "";
			targets = (
				675E0DD61F320470001EBFE8 /* AgendaForCalendar */,
			);
		};
/* End PBXProject section */

/* Begin PBXResourcesBuildPhase section */
		675E0DD51F320470001EBFE8 /* Resources */ = {
			isa = PBXResourcesBuildPhase;
			buildActionMask = 2147483647;
			files = (
				673FDD341F41357D00D679E2 /* events.json in Resources */,
				673FDD211F3F0E7300D679E2 /* Main.storyboard in Resources */,
				675E0DEA1F320470001EBFE8 /* LaunchScreen.storyboard in Resources */,
				675E0DE71F320470001EBFE8 /* Assets.xcassets in Resources */,
			);
			runOnlyForDeploymentPostprocessing = 0;
		};
/* End PBXResourcesBuildPhase section */

/* Begin PBXSourcesBuildPhase section */
		675E0DD31F320470001EBFE8 /* Sources */ = {
			isa = PBXSourcesBuildPhase;
			buildActionMask = 2147483647;
			files = (
				673FDD381F41855A00D679E2 /* CalendarDay.m in Sources */,
				675E0DE21F320470001EBFE8 /* ViewController.m in Sources */,
				673FDD2F1F40A4F900D679E2 /* CalendarEvent.m in Sources */,
				67B282C81F5195C800D7E66A /* DateUtil.m in Sources */,
				673FDD561F41DEDD00D679E2 /* EventCell.m in Sources */,
				673FDD3E1F4185E600D679E2 /* CalendarViewCellWithMonth.m in Sources */,
				67B282C21F5126E800D7E66A /* SkypeEventCell.m in Sources */,
				673FDD241F3FF25100D679E2 /* CalendarUtils.m in Sources */,
				67B282C51F51828800D7E66A /* SkypeParticipant.m in Sources */,
				673FDD2C1F4063FF00D679E2 /* WeekdayUtil.m in Sources */,
				675E0DDF1F320470001EBFE8 /* AppDelegate.m in Sources */,
				673FDD291F40634A00D679E2 /* MonthUtil.m in Sources */,
				673FDD3B1F4185AB00D679E2 /* CalendarViewCell.m in Sources */,
				675E0DDC1F320470001EBFE8 /* main.m in Sources */,
				67B282CB1F524C2200D7E66A /* UnicodeUtil.m in Sources */,
			);
			runOnlyForDeploymentPostprocessing = 0;
		};
/* End PBXSourcesBuildPhase section */

/* Begin PBXVariantGroup section */
		673FDD1F1F3F0E7300D679E2 /* Main.storyboard */ = {
			isa = PBXVariantGroup;
			children = (
				673FDD201F3F0E7300D679E2 /* Base */,
			);
			name = Main.storyboard;
			path = AgendaForCalendar;
			sourceTree = "<group>";
		};
		675E0DE81F320470001EBFE8 /* LaunchScreen.storyboard */ = {
			isa = PBXVariantGroup;
			children = (
				675E0DE91F320470001EBFE8 /* Base */,
			);
			name = LaunchScreen.storyboard;
			path = AgendaForCalendar;
			sourceTree = "<group>";
		};
/* End PBXVariantGroup section */

/* Begin XCBuildConfiguration section */
		675E0DEC1F320470001EBFE8 /* Debug */ = {
			isa = XCBuildConfiguration;
			buildSettings = {
				ALWAYS_SEARCH_USER_PATHS = NO;
				CLANG_ANALYZER_NONNULL = YES;
				CLANG_ANALYZER_NUMBER_OBJECT_CONVERSION = YES_AGGRESSIVE;
				CLANG_CXX_LANGUAGE_STANDARD = "gnu++0x";
				CLANG_CXX_LIBRARY = "libc++";
				CLANG_ENABLE_MODULES = YES;
				CLANG_ENABLE_OBJC_ARC = YES;
				CLANG_WARN_BOOL_CONVERSION = YES;
				CLANG_WARN_CONSTANT_CONVERSION = YES;
				CLANG_WARN_DIRECT_OBJC_ISA_USAGE = YES_ERROR;
				CLANG_WARN_DOCUMENTATION_COMMENTS = YES;
				CLANG_WARN_EMPTY_BODY = YES;
				CLANG_WARN_ENUM_CONVERSION = YES;
				CLANG_WARN_INFINITE_RECURSION = YES;
				CLANG_WARN_INT_CONVERSION = YES;
				CLANG_WARN_OBJC_ROOT_CLASS = YES_ERROR;
				CLANG_WARN_SUSPICIOUS_MOVE = YES;
				CLANG_WARN_UNREACHABLE_CODE = YES;
				CLANG_WARN__DUPLICATE_METHOD_MATCH = YES;
				"CODE_SIGN_IDENTITY[sdk=iphoneos*]" = "iPhone Developer";
				COPY_PHASE_STRIP = NO;
				DEBUG_INFORMATION_FORMAT = dwarf;
				ENABLE_STRICT_OBJC_MSGSEND = YES;
				ENABLE_TESTABILITY = YES;
				GCC_C_LANGUAGE_STANDARD = gnu99;
				GCC_DYNAMIC_NO_PIC = NO;
				GCC_NO_COMMON_BLOCKS = YES;
				GCC_OPTIMIZATION_LEVEL = 0;
				GCC_PREPROCESSOR_DEFINITIONS = (
					"DEBUG=1",
					"$(inherited)",
				);
				GCC_WARN_64_TO_32_BIT_CONVERSION = YES;
				GCC_WARN_ABOUT_RETURN_TYPE = YES_ERROR;
				GCC_WARN_UNDECLARED_SELECTOR = YES;
				GCC_WARN_UNINITIALIZED_AUTOS = YES_AGGRESSIVE;
				GCC_WARN_UNUSED_FUNCTION = YES;
				GCC_WARN_UNUSED_VARIABLE = YES;
				IPHONEOS_DEPLOYMENT_TARGET = 10.3;
				MTL_ENABLE_DEBUG_INFO = YES;
				ONLY_ACTIVE_ARCH = YES;
				SDKROOT = iphoneos;
				TARGETED_DEVICE_FAMILY = "1,2";
			};
			name = Debug;
		};
		675E0DED1F320470001EBFE8 /* Release */ = {
			isa = XCBuildConfiguration;
			buildSettings = {
				ALWAYS_SEARCH_USER_PATHS = NO;
				CLANG_ANALYZER_NONNULL = YES;
				CLANG_ANALYZER_NUMBER_OBJECT_CONVERSION = YES_AGGRESSIVE;
				CLANG_CXX_LANGUAGE_STANDARD = "gnu++0x";
				CLANG_CXX_LIBRARY = "libc++";
				CLANG_ENABLE_MODULES = YES;
				CLANG_ENABLE_OBJC_ARC = YES;
				CLANG_WARN_BOOL_CONVERSION = YES;
				CLANG_WARN_CONSTANT_CONVERSION = YES;
				CLANG_WARN_DIRECT_OBJC_ISA_USAGE = YES_ERROR;
				CLANG_WARN_DOCUMENTATION_COMMENTS = YES;
				CLANG_WARN_EMPTY_BODY = YES;
				CLANG_WARN_ENUM_CONVERSION = YES;
				CLANG_WARN_INFINITE_RECURSION = YES;
				CLANG_WARN_INT_CONVERSION = YES;
				CLANG_WARN_OBJC_ROOT_CLASS = YES_ERROR;
				CLANG_WARN_SUSPICIOUS_MOVE = YES;
				CLANG_WARN_UNREACHABLE_CODE = YES;
				CLANG_WARN__DUPLICATE_METHOD_MATCH = YES;
				"CODE_SIGN_IDENTITY[sdk=iphoneos*]" = "iPhone Developer";
				COPY_PHASE_STRIP = NO;
				DEBUG_INFORMATION_FORMAT = "dwarf-with-dsym";
				ENABLE_NS_ASSERTIONS = NO;
				ENABLE_STRICT_OBJC_MSGSEND = YES;
				GCC_C_LANGUAGE_STANDARD = gnu99;
				GCC_NO_COMMON_BLOCKS = YES;
				GCC_WARN_64_TO_32_BIT_CONVERSION = YES;
				GCC_WARN_ABOUT_RETURN_TYPE = YES_ERROR;
				GCC_WARN_UNDECLARED_SELECTOR = YES;
				GCC_WARN_UNINITIALIZED_AUTOS = YES_AGGRESSIVE;
				GCC_WARN_UNUSED_FUNCTION = YES;
				GCC_WARN_UNUSED_VARIABLE = YES;
				IPHONEOS_DEPLOYMENT_TARGET = 10.3;
				MTL_ENABLE_DEBUG_INFO = NO;
				SDKROOT = iphoneos;
				TARGETED_DEVICE_FAMILY = "1,2";
				VALIDATE_PRODUCT = YES;
			};
			name = Release;
		};
		675E0DEF1F320470001EBFE8 /* Debug */ = {
			isa = XCBuildConfiguration;
			buildSettings = {
				ASSETCATALOG_COMPILER_APPICON_NAME = AppIcon;
				"CODE_SIGN_IDENTITY[sdk=iphoneos*]" = "iPhone Developer";
				DEVELOPMENT_TEAM = "";
				INFOPLIST_FILE = AgendaForCalendar/Info.plist;
				IPHONEOS_DEPLOYMENT_TARGET = 10.1;
				LD_RUNPATH_SEARCH_PATHS = "$(inherited) @executable_path/Frameworks";
				PRODUCT_BUNDLE_IDENTIFIER = com.manishkumarapps.agendaview;
				PRODUCT_NAME = "$(TARGET_NAME)";
				PROVISIONING_PROFILE_SPECIFIER = "";
			};
			name = Debug;
		};
		675E0DF01F320470001EBFE8 /* Release */ = {
			isa = XCBuildConfiguration;
			buildSettings = {
				ASSETCATALOG_COMPILER_APPICON_NAME = AppIcon;
				"CODE_SIGN_IDENTITY[sdk=iphoneos*]" = "iPhone Developer";
				DEVELOPMENT_TEAM = "";
				INFOPLIST_FILE = AgendaForCalendar/Info.plist;
				IPHONEOS_DEPLOYMENT_TARGET = 10.1;
				LD_RUNPATH_SEARCH_PATHS = "$(inherited) @executable_path/Frameworks";
				PRODUCT_BUNDLE_IDENTIFIER = com.manishkumarapps.agendaview;
				PRODUCT_NAME = "$(TARGET_NAME)";
				PROVISIONING_PROFILE_SPECIFIER = "";
			};
			name = Release;
		};
/* End XCBuildConfiguration section */

/* Begin XCConfigurationList section */
		675E0DD21F32046F001EBFE8 /* Build configuration list for PBXProject "AgendaForCalendar" */ = {
			isa = XCConfigurationList;
			buildConfigurations = (
				675E0DEC1F320470001EBFE8 /* Debug */,
				675E0DED1F320470001EBFE8 /* Release */,
			);
			defaultConfigurationIsVisible = 0;
			defaultConfigurationName = Release;
		};
		675E0DEE1F320470001EBFE8 /* Build configuration list for PBXNativeTarget "AgendaForCalendar" */ = {
			isa = XCConfigurationList;
			buildConfigurations = (
				675E0DEF1F320470001EBFE8 /* Debug */,
				675E0DF01F320470001EBFE8 /* Release */,
			);
			defaultConfigurationIsVisible = 0;
			defaultConfigurationName = Release;
		};
/* End XCConfigurationList section */
	};
	rootObject = 675E0DCF1F32046F001EBFE8 /* Project object */;
}
